
Microsoft Visual Studio Solution File, Format Version 12.00
# Visual Studio Version 16
VisualStudioVersion = 16.0.31321.278
MinimumVisualStudioVersion = 10.0.40219.1
Project("{FAE04EC0-301F-11D3-BF4B-00C04F79EFBC}") = "AlbelliOrderPortal", "AlbelliOrderPortal\AlbelliOrderPortal.csproj", "{7C1A8101-04C5-43DF-BC18-00E0110BE5EF}"
EndProject
Project("{FAE04EC0-301F-11D3-BF4B-00C04F79EFBC}") = "AlbelliOrderPortalTest", "AlbelliOrderPortalTest\AlbelliOrderPortalTest.csproj", "{3AA3786C-78FD-41C9-BD27-45AAEFFDF1FC}"
EndProject
Global
	GlobalSection(SolutionConfigurationPlatforms) = preSolution
		Debug|Any CPU = Debug|Any CPU
		Release|Any CPU = Release|Any CPU
	EndGlobalSection
	GlobalSection(ProjectConfigurationPlatforms) = postSolution
		{7C1A8101-04C5-43DF-BC18-00E0110BE5EF}.Debug|Any CPU.ActiveCfg = Debug|Any CPU
		{7C1A8101-04C5-43DF-BC18-00E0110BE5EF}.Debug|Any CPU.Build.0 = Debug|Any CPU
		{7C1A8101-04C5-43DF-BC18-00E0110BE5EF}.Release|Any CPU.ActiveCfg = Release|Any CPU
		{7C1A8101-04C5-43DF-BC18-00E0110BE5EF}.Release|Any CPU.Build.0 = Release|Any CPU
		{3AA3786C-78FD-41C9-BD27-45AAEFFDF1FC}.Debug|Any CPU.ActiveCfg = Debug|Any CPU
		{3AA3786C-78FD-41C9-BD27-45AAEFFDF1FC}.Debug|Any CPU.Build.0 = Debug|Any CPU
		{3AA3786C-78FD-41C9-BD27-45AAEFFDF1FC}.Release|Any CPU.ActiveCfg = Release|Any CPU
		{3AA3786C-78FD-41C9-BD27-45AAEFFDF1FC}.Release|Any CPU.Build.0 = Release|Any CPU
	EndGlobalSection
	GlobalSection(SolutionProperties) = preSolution
		HideSolutionNode = FALSE
	EndGlobalSection
	GlobalSection(ExtensibilityGlobals) = postSolution
		SolutionGuid = {4CD8AEBF-0DA5-48C4-8217-AA35DC8BD6A6}
	EndGlobalSection
EndGlobal
